
Microsoft Visual Studio Solution File, Format Version 12.00
# Visual Studio 15
VisualStudioVersion = 15.0.28307.168
MinimumVisualStudioVersion = 10.0.40219.1
Project("{FAE04EC0-301F-11D3-BF4B-00C04F79EFBC}") = "Solver", "Solver\Solver.csproj", "{2CC1AB11-136A-45C3-ABBB-5444CAF6ECB4}"
EndProject
Project("{FAE04EC0-301F-11D3-BF4B-00C04F79EFBC}") = "SolverTest", "SolverTest\SolverTest.csproj", "{A29F05C0-20EB-48E3-9BB4-9C7C0C940B1E}"
EndProject
Global
	GlobalSection(SolutionConfigurationPlatforms) = preSolution
		Debug|Any CPU = Debug|Any CPU
		Release|Any CPU = Release|Any CPU
	EndGlobalSection
	GlobalSection(ProjectConfigurationPlatforms) = postSolution
		{2CC1AB11-136A-45C3-ABBB-5444CAF6ECB4}.Debug|Any CPU.ActiveCfg = Debug|Any CPU
		{2CC1AB11-136A-45C3-ABBB-5444CAF6ECB4}.Debug|Any CPU.Build.0 = Debug|Any CPU
		{2CC1AB11-136A-45C3-ABBB-5444CAF6ECB4}.Release|Any CPU.ActiveCfg = Release|Any CPU
		{2CC1AB11-136A-45C3-ABBB-5444CAF6ECB4}.Release|Any CPU.Build.0 = Release|Any CPU
		{A29F05C0-20EB-48E3-9BB4-9C7C0C940B1E}.Debug|Any CPU.ActiveCfg = Debug|Any CPU
		{A29F05C0-20EB-48E3-9BB4-9C7C0C940B1E}.Debug|Any CPU.Build.0 = Debug|Any CPU
		{A29F05C0-20EB-48E3-9BB4-9C7C0C940B1E}.Release|Any CPU.ActiveCfg = Release|Any CPU
		{A29F05C0-20EB-48E3-9BB4-9C7C0C940B1E}.Release|Any CPU.Build.0 = Release|Any CPU
	EndGlobalSection
	GlobalSection(SolutionProperties) = preSolution
		HideSolutionNode = FALSE
	EndGlobalSection
	GlobalSection(ExtensibilityGlobals) = postSolution
		SolutionGuid = {B5E9CFD3-5E84-4E08-8935-827E60BC79FB}
	EndGlobalSection
EndGlobal
